
Microsoft Visual Studio Solution File, Format Version 12.00
# Visual Studio Version 16
VisualStudioVersion = 16.0.30309.148
MinimumVisualStudioVersion = 10.0.40219.1
Project("{8BC9CEB8-8B4A-11D0-8D11-00A0C91BC942}") = "TID", "TID\TID.vcxproj", "{A52CCD28-329F-42A0-92FF-8C63BD51B0D1}"
EndProject
Global
	GlobalSection(SolutionConfigurationPlatforms) = preSolution
		Debug|x64 = Debug|x64
		Release|x64 = Release|x64
	EndGlobalSection
	GlobalSection(ProjectConfigurationPlatforms) = postSolution
		{A52CCD28-329F-42A0-92FF-8C63BD51B0D1}.Debug|x64.ActiveCfg = Debug|x64
		{A52CCD28-329F-42A0-92FF-8C63BD51B0D1}.Debug|x64.Build.0 = Debug|x64
		{A52CCD28-329F-42A0-92FF-8C63BD51B0D1}.Release|x64.ActiveCfg = Release|x64
		{A52CCD28-329F-42A0-92FF-8C63BD51B0D1}.Release|x64.Build.0 = Release|x64
	EndGlobalSection
	GlobalSection(SolutionProperties) = preSolution
		HideSolutionNode = FALSE
	EndGlobalSection
	GlobalSection(ExtensibilityGlobals) = postSolution
		SolutionGuid = {D49BA5A6-6372-4E00-ACC0-906FB9FABC89}
	EndGlobalSection
EndGlobal
